
Microsoft Visual Studio Solution File, Format Version 12.00
# Visual Studio Version 17
VisualStudioVersion = 17.7.34024.191
MinimumVisualStudioVersion = 10.0.40219.1
Project("{FAE04EC0-301F-11D3-BF4B-00C04F79EFBC}") = "Pianino Practica", "Pianino Practica\Pianino Practica.csproj", "{D4C5992D-922D-4971-872A-C92694CFFE34}"
EndProject
Global
	GlobalSection(SolutionConfigurationPlatforms) = preSolution
		Debug|Any CPU = Debug|Any CPU
		Release|Any CPU = Release|Any CPU
	EndGlobalSection
	GlobalSection(ProjectConfigurationPlatforms) = postSolution
		{D4C5992D-922D-4971-872A-C92694CFFE34}.Debug|Any CPU.ActiveCfg = Debug|Any CPU
		{D4C5992D-922D-4971-872A-C92694CFFE34}.Debug|Any CPU.Build.0 = Debug|Any CPU
		{D4C5992D-922D-4971-872A-C92694CFFE34}.Release|Any CPU.ActiveCfg = Release|Any CPU
		{D4C5992D-922D-4971-872A-C92694CFFE34}.Release|Any CPU.Build.0 = Release|Any CPU
	EndGlobalSection
	GlobalSection(SolutionProperties) = preSolution
		HideSolutionNode = FALSE
	EndGlobalSection
	GlobalSection(ExtensibilityGlobals) = postSolution
		SolutionGuid = {72E87EDF-66B6-4154-8597-BD97972BFBB0}
	EndGlobalSection
EndGlobal
